
Microsoft Visual Studio Solution File, Format Version 12.00
# Visual Studio 15
VisualStudioVersion = 15.0.28307.572
MinimumVisualStudioVersion = 10.0.40219.1
Project("{FAE04EC0-301F-11D3-BF4B-00C04F79EFBC}") = "EUCGAME", "EUCGAME\EUCGAME.csproj", "{C7168212-9408-4219-8D3A-B31B9775F410}"
EndProject
Project("{FAE04EC0-301F-11D3-BF4B-00C04F79EFBC}") = "ETI06F1", "ETI06F1\ETI06F1.csproj", "{30A0AE17-F167-4F19-B7B1-7A273949B49D}"
EndProject
Project("{FAE04EC0-301F-11D3-BF4B-00C04F79EFBC}") = "BINOMS", "BINOMS\BINOMS.csproj", "{B696701E-B35A-492C-88C4-77229F4E9894}"
EndProject
Project("{FAE04EC0-301F-11D3-BF4B-00C04F79EFBC}") = "VSR", "VSR\VSR.csproj", "{D4217B89-66A1-47A5-87D5-CB1567A799A9}"
EndProject
Project("{FAE04EC0-301F-11D3-BF4B-00C04F79EFBC}") = "PTWPZ073", "PTWPZ073\PTWPZ073.csproj", "{51C75EEA-5F8E-4110-958D-16A468C572B4}"
EndProject
Project("{FAE04EC0-301F-11D3-BF4B-00C04F79EFBC}") = "PTROL - ROL", "PTROL - ROL\PTROL - ROL.csproj", "{19B87D3E-F4C5-4CA9-810C-61D7827F8DCC}"
EndProject
Project("{FAE04EC0-301F-11D3-BF4B-00C04F79EFBC}") = "sandbox", "sandbox\sandbox.csproj", "{20B30B8F-5ED3-480B-BBE6-F51A65C55E07}"
EndProject
Project("{FAE04EC0-301F-11D3-BF4B-00C04F79EFBC}") = "AL_17_02", "AL_17_02\AL_17_02.csproj", "{FBFFEA84-14FA-474C-BBC3-EA3E0D8E22E3}"
EndProject
Project("{FAE04EC0-301F-11D3-BF4B-00C04F79EFBC}") = "JWSPLIN", "JWSPLIN\JWSPLIN.csproj", "{68ACC491-3EDD-4853-A354-157AF5C2716D}"
EndProject
Project("{FAE04EC0-301F-11D3-BF4B-00C04F79EFBC}") = "JPESEL", "JPESEL\JPESEL.csproj", "{908CB2C7-C63E-42C5-A76F-D5B6BD034A01}"
EndProject
Project("{FAE04EC0-301F-11D3-BF4B-00C04F79EFBC}") = "JHTMLLET", "JHTMLLET\JHTMLLET.csproj", "{AAA09400-E69D-4882-BF3C-2490AFC5EF6F}"
EndProject
Project("{FAE04EC0-301F-11D3-BF4B-00C04F79EFBC}") = "KC003", "KC003\KC003.csproj", "{AA86BD08-FB20-452B-93C3-3558B6F2E3E2}"
EndProject
Project("{FAE04EC0-301F-11D3-BF4B-00C04F79EFBC}") = "FR_09_01", "FR_09_01\FR_09_01.csproj", "{A4C2EA88-3BCF-406B-9102-7F98715383C7}"
EndProject
Project("{FAE04EC0-301F-11D3-BF4B-00C04F79EFBC}") = "FR_10_01", "FR_10_01\FR_10_01.csproj", "{4306BA26-CF1C-4F21-967D-D56460863880}"
EndProject
Project("{FAE04EC0-301F-11D3-BF4B-00C04F79EFBC}") = "FR_09_06", "FR_09_06\FR_09_06.csproj", "{65728EAB-74DD-4DC5-BB7E-1BAFEA2373B4}"
EndProject
Project("{FAE04EC0-301F-11D3-BF4B-00C04F79EFBC}") = "FR_07_06", "FR_07_06\FR_07_06.csproj", "{9AD2D43E-C3E5-4CE2-BAE4-041359D46B23}"
EndProject
Project("{FAE04EC0-301F-11D3-BF4B-00C04F79EFBC}") = "PTCLTZ", "PTCLTZ\PTCLTZ.csproj", "{90B45DDF-798B-4FAC-A5D7-A0463D1D0B8D}"
EndProject
Project("{FAE04EC0-301F-11D3-BF4B-00C04F79EFBC}") = "AL_31_10", "AL_31_10\AL_31_10.csproj", "{B74A5814-56C2-47A4-9962-B4D81C2F6190}"
EndProject
Project("{FAE04EC0-301F-11D3-BF4B-00C04F79EFBC}") = "SUDOKUC", "SUDOKUC\SUDOKUC.csproj", "{3688148B-D37B-4AAF-8022-89512E6E93E1}"
EndProject
Project("{FAE04EC0-301F-11D3-BF4B-00C04F79EFBC}") = "TRN", "TRN\TRN.csproj", "{A552DF51-CE34-41A2-917F-E2F14F4A3B5E}"
EndProject
Project("{FAE04EC0-301F-11D3-BF4B-00C04F79EFBC}") = "FANGEN", "FANGEN\FANGEN.csproj", "{D884A601-9DD4-4E3E-9E3C-ADD30DD3A0CF}"
EndProject
Project("{2150E333-8FDC-42A3-9474-1A3956D46DE8}") = "Opisy do zadań", "Opisy do zadań", "{5A76FD56-6975-4EFA-BC01-A1106654E5CF}"
	ProjectSection(SolutionItems) = preProject
		opisy do algorytmów.docx = opisy do algorytmów.docx
	EndProjectSection
EndProject
Project("{FAE04EC0-301F-11D3-BF4B-00C04F79EFBC}") = "AL_13_01", "AL_13_01\AL_13_01.csproj", "{6156AF28-1F82-4261-B972-0C5ACFFB9367}"
EndProject
Project("{FAE04EC0-301F-11D3-BF4B-00C04F79EFBC}") = "FR_05_01", "FR_05_01\FR_05_01.csproj", "{EF8AEC57-CDEE-4F0E-9853-15CA268E0DE5}"
EndProject
Project("{FAE04EC0-301F-11D3-BF4B-00C04F79EFBC}") = "FR_05_16", "FR_05_16\FR_05_16.csproj", "{D73D1271-7268-4AAD-9F07-843E5A986903}"
EndProject
Project("{FAE04EC0-301F-11D3-BF4B-00C04F79EFBC}") = "FR_09_12", "FR_09_12\FR_09_12.csproj", "{B89712D6-8075-4EFC-B5AA-9E2661DA6C61}"
EndProject
Global
	GlobalSection(SolutionConfigurationPlatforms) = preSolution
		Debug|Any CPU = Debug|Any CPU
		Release|Any CPU = Release|Any CPU
	EndGlobalSection
	GlobalSection(ProjectConfigurationPlatforms) = postSolution
		{C7168212-9408-4219-8D3A-B31B9775F410}.Debug|Any CPU.ActiveCfg = Debug|Any CPU
		{C7168212-9408-4219-8D3A-B31B9775F410}.Debug|Any CPU.Build.0 = Debug|Any CPU
		{C7168212-9408-4219-8D3A-B31B9775F410}.Release|Any CPU.ActiveCfg = Release|Any CPU
		{C7168212-9408-4219-8D3A-B31B9775F410}.Release|Any CPU.Build.0 = Release|Any CPU
		{30A0AE17-F167-4F19-B7B1-7A273949B49D}.Debug|Any CPU.ActiveCfg = Debug|Any CPU
		{30A0AE17-F167-4F19-B7B1-7A273949B49D}.Debug|Any CPU.Build.0 = Debug|Any CPU
		{30A0AE17-F167-4F19-B7B1-7A273949B49D}.Release|Any CPU.ActiveCfg = Release|Any CPU
		{30A0AE17-F167-4F19-B7B1-7A273949B49D}.Release|Any CPU.Build.0 = Release|Any CPU
		{B696701E-B35A-492C-88C4-77229F4E9894}.Debug|Any CPU.ActiveCfg = Debug|Any CPU
		{B696701E-B35A-492C-88C4-77229F4E9894}.Debug|Any CPU.Build.0 = Debug|Any CPU
		{B696701E-B35A-492C-88C4-77229F4E9894}.Release|Any CPU.ActiveCfg = Release|Any CPU
		{B696701E-B35A-492C-88C4-77229F4E9894}.Release|Any CPU.Build.0 = Release|Any CPU
		{D4217B89-66A1-47A5-87D5-CB1567A799A9}.Debug|Any CPU.ActiveCfg = Debug|Any CPU
		{D4217B89-66A1-47A5-87D5-CB1567A799A9}.Debug|Any CPU.Build.0 = Debug|Any CPU
		{D4217B89-66A1-47A5-87D5-CB1567A799A9}.Release|Any CPU.ActiveCfg = Release|Any CPU
		{D4217B89-66A1-47A5-87D5-CB1567A799A9}.Release|Any CPU.Build.0 = Release|Any CPU
		{51C75EEA-5F8E-4110-958D-16A468C572B4}.Debug|Any CPU.ActiveCfg = Debug|Any CPU
		{51C75EEA-5F8E-4110-958D-16A468C572B4}.Debug|Any CPU.Build.0 = Debug|Any CPU
		{51C75EEA-5F8E-4110-958D-16A468C572B4}.Release|Any CPU.ActiveCfg = Release|Any CPU
		{51C75EEA-5F8E-4110-958D-16A468C572B4}.Release|Any CPU.Build.0 = Release|Any CPU
		{19B87D3E-F4C5-4CA9-810C-61D7827F8DCC}.Debug|Any CPU.ActiveCfg = Debug|Any CPU
		{19B87D3E-F4C5-4CA9-810C-61D7827F8DCC}.Debug|Any CPU.Build.0 = Debug|Any CPU
		{19B87D3E-F4C5-4CA9-810C-61D7827F8DCC}.Release|Any CPU.ActiveCfg = Release|Any CPU
		{19B87D3E-F4C5-4CA9-810C-61D7827F8DCC}.Release|Any CPU.Build.0 = Release|Any CPU
		{20B30B8F-5ED3-480B-BBE6-F51A65C55E07}.Debug|Any CPU.ActiveCfg = Debug|Any CPU
		{20B30B8F-5ED3-480B-BBE6-F51A65C55E07}.Debug|Any CPU.Build.0 = Debug|Any CPU
		{20B30B8F-5ED3-480B-BBE6-F51A65C55E07}.Release|Any CPU.ActiveCfg = Release|Any CPU
		{20B30B8F-5ED3-480B-BBE6-F51A65C55E07}.Release|Any CPU.Build.0 = Release|Any CPU
		{FBFFEA84-14FA-474C-BBC3-EA3E0D8E22E3}.Debug|Any CPU.ActiveCfg = Debug|Any CPU
		{FBFFEA84-14FA-474C-BBC3-EA3E0D8E22E3}.Debug|Any CPU.Build.0 = Debug|Any CPU
		{FBFFEA84-14FA-474C-BBC3-EA3E0D8E22E3}.Release|Any CPU.ActiveCfg = Release|Any CPU
		{FBFFEA84-14FA-474C-BBC3-EA3E0D8E22E3}.Release|Any CPU.Build.0 = Release|Any CPU
		{68ACC491-3EDD-4853-A354-157AF5C2716D}.Debug|Any CPU.ActiveCfg = Debug|Any CPU
		{68ACC491-3EDD-4853-A354-157AF5C2716D}.Debug|Any CPU.Build.0 = Debug|Any CPU
		{68ACC491-3EDD-4853-A354-157AF5C2716D}.Release|Any CPU.ActiveCfg = Release|Any CPU
		{68ACC491-3EDD-4853-A354-157AF5C2716D}.Release|Any CPU.Build.0 = Release|Any CPU
		{908CB2C7-C63E-42C5-A76F-D5B6BD034A01}.Debug|Any CPU.ActiveCfg = Debug|Any CPU
		{908CB2C7-C63E-42C5-A76F-D5B6BD034A01}.Debug|Any CPU.Build.0 = Debug|Any CPU
		{908CB2C7-C63E-42C5-A76F-D5B6BD034A01}.Release|Any CPU.ActiveCfg = Release|Any CPU
		{908CB2C7-C63E-42C5-A76F-D5B6BD034A01}.Release|Any CPU.Build.0 = Release|Any CPU
		{AAA09400-E69D-4882-BF3C-2490AFC5EF6F}.Debug|Any CPU.ActiveCfg = Debug|Any CPU
		{AAA09400-E69D-4882-BF3C-2490AFC5EF6F}.Debug|Any CPU.Build.0 = Debug|Any CPU
		{AAA09400-E69D-4882-BF3C-2490AFC5EF6F}.Release|Any CPU.ActiveCfg = Release|Any CPU
		{AAA09400-E69D-4882-BF3C-2490AFC5EF6F}.Release|Any CPU.Build.0 = Release|Any CPU
		{AA86BD08-FB20-452B-93C3-3558B6F2E3E2}.Debug|Any CPU.ActiveCfg = Debug|Any CPU
		{AA86BD08-FB20-452B-93C3-3558B6F2E3E2}.Debug|Any CPU.Build.0 = Debug|Any CPU
		{AA86BD08-FB20-452B-93C3-3558B6F2E3E2}.Release|Any CPU.ActiveCfg = Release|Any CPU
		{AA86BD08-FB20-452B-93C3-3558B6F2E3E2}.Release|Any CPU.Build.0 = Release|Any CPU
		{A4C2EA88-3BCF-406B-9102-7F98715383C7}.Debug|Any CPU.ActiveCfg = Debug|Any CPU
		{A4C2EA88-3BCF-406B-9102-7F98715383C7}.Debug|Any CPU.Build.0 = Debug|Any CPU
		{A4C2EA88-3BCF-406B-9102-7F98715383C7}.Release|Any CPU.ActiveCfg = Release|Any CPU
		{A4C2EA88-3BCF-406B-9102-7F98715383C7}.Release|Any CPU.Build.0 = Release|Any CPU
		{4306BA26-CF1C-4F21-967D-D56460863880}.Debug|Any CPU.ActiveCfg = Debug|Any CPU
		{4306BA26-CF1C-4F21-967D-D56460863880}.Debug|Any CPU.Build.0 = Debug|Any CPU
		{4306BA26-CF1C-4F21-967D-D56460863880}.Release|Any CPU.ActiveCfg = Release|Any CPU
		{4306BA26-CF1C-4F21-967D-D56460863880}.Release|Any CPU.Build.0 = Release|Any CPU
		{65728EAB-74DD-4DC5-BB7E-1BAFEA2373B4}.Debug|Any CPU.ActiveCfg = Debug|Any CPU
		{65728EAB-74DD-4DC5-BB7E-1BAFEA2373B4}.Debug|Any CPU.Build.0 = Debug|Any CPU
		{65728EAB-74DD-4DC5-BB7E-1BAFEA2373B4}.Release|Any CPU.ActiveCfg = Release|Any CPU
		{65728EAB-74DD-4DC5-BB7E-1BAFEA2373B4}.Release|Any CPU.Build.0 = Release|Any CPU
		{9AD2D43E-C3E5-4CE2-BAE4-041359D46B23}.Debug|Any CPU.ActiveCfg = Debug|Any CPU
		{9AD2D43E-C3E5-4CE2-BAE4-041359D46B23}.Debug|Any CPU.Build.0 = Debug|Any CPU
		{9AD2D43E-C3E5-4CE2-BAE4-041359D46B23}.Release|Any CPU.ActiveCfg = Release|Any CPU
		{9AD2D43E-C3E5-4CE2-BAE4-041359D46B23}.Release|Any CPU.Build.0 = Release|Any CPU
		{90B45DDF-798B-4FAC-A5D7-A0463D1D0B8D}.Debug|Any CPU.ActiveCfg = Debug|Any CPU
		{90B45DDF-798B-4FAC-A5D7-A0463D1D0B8D}.Debug|Any CPU.Build.0 = Debug|Any CPU
		{90B45DDF-798B-4FAC-A5D7-A0463D1D0B8D}.Release|Any CPU.ActiveCfg = Release|Any CPU
		{90B45DDF-798B-4FAC-A5D7-A0463D1D0B8D}.Release|Any CPU.Build.0 = Release|Any CPU
		{B74A5814-56C2-47A4-9962-B4D81C2F6190}.Debug|Any CPU.ActiveCfg = Debug|Any CPU
		{B74A5814-56C2-47A4-9962-B4D81C2F6190}.Debug|Any CPU.Build.0 = Debug|Any CPU
		{B74A5814-56C2-47A4-9962-B4D81C2F6190}.Release|Any CPU.ActiveCfg = Release|Any CPU
		{B74A5814-56C2-47A4-9962-B4D81C2F6190}.Release|Any CPU.Build.0 = Release|Any CPU
		{3688148B-D37B-4AAF-8022-89512E6E93E1}.Debug|Any CPU.ActiveCfg = Debug|Any CPU
		{3688148B-D37B-4AAF-8022-89512E6E93E1}.Debug|Any CPU.Build.0 = Debug|Any CPU
		{3688148B-D37B-4AAF-8022-89512E6E93E1}.Release|Any CPU.ActiveCfg = Release|Any CPU
		{3688148B-D37B-4AAF-8022-89512E6E93E1}.Release|Any CPU.Build.0 = Release|Any CPU
		{A552DF51-CE34-41A2-917F-E2F14F4A3B5E}.Debug|Any CPU.ActiveCfg = Debug|Any CPU
		{A552DF51-CE34-41A2-917F-E2F14F4A3B5E}.Debug|Any CPU.Build.0 = Debug|Any CPU
		{A552DF51-CE34-41A2-917F-E2F14F4A3B5E}.Release|Any CPU.ActiveCfg = Release|Any CPU
		{A552DF51-CE34-41A2-917F-E2F14F4A3B5E}.Release|Any CPU.Build.0 = Release|Any CPU
		{D884A601-9DD4-4E3E-9E3C-ADD30DD3A0CF}.Debug|Any CPU.ActiveCfg = Debug|Any CPU
		{D884A601-9DD4-4E3E-9E3C-ADD30DD3A0CF}.Debug|Any CPU.Build.0 = Debug|Any CPU
		{D884A601-9DD4-4E3E-9E3C-ADD30DD3A0CF}.Release|Any CPU.ActiveCfg = Release|Any CPU
		{D884A601-9DD4-4E3E-9E3C-ADD30DD3A0CF}.Release|Any CPU.Build.0 = Release|Any CPU
		{6156AF28-1F82-4261-B972-0C5ACFFB9367}.Debug|Any CPU.ActiveCfg = Debug|Any CPU
		{6156AF28-1F82-4261-B972-0C5ACFFB9367}.Debug|Any CPU.Build.0 = Debug|Any CPU
		{6156AF28-1F82-4261-B972-0C5ACFFB9367}.Release|Any CPU.ActiveCfg = Release|Any CPU
		{6156AF28-1F82-4261-B972-0C5ACFFB9367}.Release|Any CPU.Build.0 = Release|Any CPU
		{EF8AEC57-CDEE-4F0E-9853-15CA268E0DE5}.Debug|Any CPU.ActiveCfg = Debug|Any CPU
		{EF8AEC57-CDEE-4F0E-9853-15CA268E0DE5}.Debug|Any CPU.Build.0 = Debug|Any CPU
		{EF8AEC57-CDEE-4F0E-9853-15CA268E0DE5}.Release|Any CPU.ActiveCfg = Release|Any CPU
		{EF8AEC57-CDEE-4F0E-9853-15CA268E0DE5}.Release|Any CPU.Build.0 = Release|Any CPU
		{D73D1271-7268-4AAD-9F07-843E5A986903}.Debug|Any CPU.ActiveCfg = Debug|Any CPU
		{D73D1271-7268-4AAD-9F07-843E5A986903}.Debug|Any CPU.Build.0 = Debug|Any CPU
		{D73D1271-7268-4AAD-9F07-843E5A986903}.Release|Any CPU.ActiveCfg = Release|Any CPU
		{D73D1271-7268-4AAD-9F07-843E5A986903}.Release|Any CPU.Build.0 = Release|Any CPU
		{B89712D6-8075-4EFC-B5AA-9E2661DA6C61}.Debug|Any CPU.ActiveCfg = Debug|Any CPU
		{B89712D6-8075-4EFC-B5AA-9E2661DA6C61}.Debug|Any CPU.Build.0 = Debug|Any CPU
		{B89712D6-8075-4EFC-B5AA-9E2661DA6C61}.Release|Any CPU.ActiveCfg = Release|Any CPU
		{B89712D6-8075-4EFC-B5AA-9E2661DA6C61}.Release|Any CPU.Build.0 = Release|Any CPU
	EndGlobalSection
	GlobalSection(SolutionProperties) = preSolution
		HideSolutionNode = FALSE
	EndGlobalSection
	GlobalSection(ExtensibilityGlobals) = postSolution
		SolutionGuid = {2F0A42A4-F36A-4E00-8002-B2A7F4268F91}
	EndGlobalSection
EndGlobal
